
Microsoft Visual Studio Solution File, Format Version 12.00
# Visual Studio Version 16
VisualStudioVersion = 16.0.31624.102
MinimumVisualStudioVersion = 10.0.40219.1
Project("{FAE04EC0-301F-11D3-BF4B-00C04F79EFBC}") = "PaintTestStackWhiteFramework", "PaintTestStackWhiteFramework.csproj", "{8A5114B9-53A7-44DA-8385-6EEE410E69C4}"
EndProject
Project("{FAE04EC0-301F-11D3-BF4B-00C04F79EFBC}") = "PaintTestStackWhite", "..\PaintTestStackWhite\PaintTestStackWhite.csproj", "{871F1A4F-4169-45D8-95A0-32532915A250}"
EndProject
Global
	GlobalSection(SolutionConfigurationPlatforms) = preSolution
		Debug|Any CPU = Debug|Any CPU
		Release|Any CPU = Release|Any CPU
	EndGlobalSection
	GlobalSection(ProjectConfigurationPlatforms) = postSolution
		{8A5114B9-53A7-44DA-8385-6EEE410E69C4}.Debug|Any CPU.ActiveCfg = Debug|Any CPU
		{8A5114B9-53A7-44DA-8385-6EEE410E69C4}.Debug|Any CPU.Build.0 = Debug|Any CPU
		{8A5114B9-53A7-44DA-8385-6EEE410E69C4}.Release|Any CPU.ActiveCfg = Release|Any CPU
		{8A5114B9-53A7-44DA-8385-6EEE410E69C4}.Release|Any CPU.Build.0 = Release|Any CPU
		{871F1A4F-4169-45D8-95A0-32532915A250}.Debug|Any CPU.ActiveCfg = Debug|Any CPU
		{871F1A4F-4169-45D8-95A0-32532915A250}.Debug|Any CPU.Build.0 = Debug|Any CPU
		{871F1A4F-4169-45D8-95A0-32532915A250}.Release|Any CPU.ActiveCfg = Release|Any CPU
		{871F1A4F-4169-45D8-95A0-32532915A250}.Release|Any CPU.Build.0 = Release|Any CPU
	EndGlobalSection
	GlobalSection(SolutionProperties) = preSolution
		HideSolutionNode = FALSE
	EndGlobalSection
	GlobalSection(ExtensibilityGlobals) = postSolution
		SolutionGuid = {3569310F-4F92-41C1-AD87-253020BF3C44}
	EndGlobalSection
EndGlobal
